
Microsoft Visual Studio Solution File, Format Version 12.00
# Visual Studio Version 17
VisualStudioVersion = 17.2.32602.215
MinimumVisualStudioVersion = 10.0.40219.1
Project("{2150E333-8FDC-42A3-9474-1A3956D46DE8}") = "Test", "Test", "{8F5108E2-4DF3-43E7-95F5-7FB6A0D591CF}"
EndProject
Project("{2150E333-8FDC-42A3-9474-1A3956D46DE8}") = "src", "src", "{AD9A1C9E-0DB1-439D-95F1-7419D79F710F}"
EndProject
Project("{2150E333-8FDC-42A3-9474-1A3956D46DE8}") = "01.Core", "01.Core", "{5C35FD1B-681C-4F1E-B88B-DBD259D39000}"
EndProject
Project("{2150E333-8FDC-42A3-9474-1A3956D46DE8}") = "02.Infrastructure", "02.Infrastructure", "{5F53D41B-CAAF-4F9C-9EE1-848D7AA83B0F}"
EndProject
Project("{2150E333-8FDC-42A3-9474-1A3956D46DE8}") = "03.Presentation", "03.Presentation", "{BFBDE666-0DC1-474D-89F9-512CBB1B7669}"
EndProject
Project("{FAE04EC0-301F-11D3-BF4B-00C04F79EFBC}") = "ShopApp.Services", "src\01.Core\ShopApp.Services\ShopApp.Services.csproj", "{BA4B5A9F-3E8E-4CFF-8C63-302A0EB9F5E3}"
EndProject
Project("{FAE04EC0-301F-11D3-BF4B-00C04F79EFBC}") = "ShopApp.Entities", "src\01.Core\ShopApp.Entities\ShopApp.Entities.csproj", "{D1389A05-ECD1-4BB0-A220-3532804B8F9E}"
EndProject
Project("{FAE04EC0-301F-11D3-BF4B-00C04F79EFBC}") = "ShopApp.infrastructure", "src\02.Infrastructure\ShopApp.infrastructure\ShopApp.infrastructure.csproj", "{E4403AF4-64DA-4F13-ADD4-8AB80620962D}"
EndProject
Project("{FAE04EC0-301F-11D3-BF4B-00C04F79EFBC}") = "ShopApp.Persistanse.EF", "src\02.Infrastructure\ShopApp.Persistanse.EF\ShopApp.Persistanse.EF.csproj", "{50F7A487-AF3E-44B3-9320-D4165A21792A}"
EndProject
Project("{FAE04EC0-301F-11D3-BF4B-00C04F79EFBC}") = "ShopApp.Migrations", "src\02.Infrastructure\ShopApp.Migrations\ShopApp.Migrations.csproj", "{1D29F01D-9F9A-42E4-B5F6-B4621FAC7132}"
EndProject
Project("{FAE04EC0-301F-11D3-BF4B-00C04F79EFBC}") = "ShopApp.RestApi", "src\03.Presentation\ShopApp.RestApi\ShopApp.RestApi.csproj", "{C947863C-9EC8-4B38-A64C-F776524AECD4}"
EndProject
Project("{FAE04EC0-301F-11D3-BF4B-00C04F79EFBC}") = "ShopApp.TestTools", "Test\ShopApp.TestTools\ShopApp.TestTools.csproj", "{69FF22A8-C3A7-4A8C-A3FF-304C5530CB85}"
EndProject
Project("{FAE04EC0-301F-11D3-BF4B-00C04F79EFBC}") = "ShopApp.Service.Unit.Test", "Test\ShopApp.Service.Unit.Test\ShopApp.Service.Unit.Test.csproj", "{C38099A2-B354-4866-85E8-6AB641F07FF8}"
EndProject
Project("{FAE04EC0-301F-11D3-BF4B-00C04F79EFBC}") = "ShopApp.Specs.Test", "Test\ShopApp.Specs.Test\ShopApp.Specs.Test.csproj", "{28EAAB56-14C9-41E5-9367-A04907FFC205}"
EndProject
Global
	GlobalSection(SolutionConfigurationPlatforms) = preSolution
		Debug|Any CPU = Debug|Any CPU
		Release|Any CPU = Release|Any CPU
	EndGlobalSection
	GlobalSection(ProjectConfigurationPlatforms) = postSolution
		{BA4B5A9F-3E8E-4CFF-8C63-302A0EB9F5E3}.Debug|Any CPU.ActiveCfg = Debug|Any CPU
		{BA4B5A9F-3E8E-4CFF-8C63-302A0EB9F5E3}.Debug|Any CPU.Build.0 = Debug|Any CPU
		{BA4B5A9F-3E8E-4CFF-8C63-302A0EB9F5E3}.Release|Any CPU.ActiveCfg = Release|Any CPU
		{BA4B5A9F-3E8E-4CFF-8C63-302A0EB9F5E3}.Release|Any CPU.Build.0 = Release|Any CPU
		{D1389A05-ECD1-4BB0-A220-3532804B8F9E}.Debug|Any CPU.ActiveCfg = Debug|Any CPU
		{D1389A05-ECD1-4BB0-A220-3532804B8F9E}.Debug|Any CPU.Build.0 = Debug|Any CPU
		{D1389A05-ECD1-4BB0-A220-3532804B8F9E}.Release|Any CPU.ActiveCfg = Release|Any CPU
		{D1389A05-ECD1-4BB0-A220-3532804B8F9E}.Release|Any CPU.Build.0 = Release|Any CPU
		{E4403AF4-64DA-4F13-ADD4-8AB80620962D}.Debug|Any CPU.ActiveCfg = Debug|Any CPU
		{E4403AF4-64DA-4F13-ADD4-8AB80620962D}.Debug|Any CPU.Build.0 = Debug|Any CPU
		{E4403AF4-64DA-4F13-ADD4-8AB80620962D}.Release|Any CPU.ActiveCfg = Release|Any CPU
		{E4403AF4-64DA-4F13-ADD4-8AB80620962D}.Release|Any CPU.Build.0 = Release|Any CPU
		{50F7A487-AF3E-44B3-9320-D4165A21792A}.Debug|Any CPU.ActiveCfg = Debug|Any CPU
		{50F7A487-AF3E-44B3-9320-D4165A21792A}.Debug|Any CPU.Build.0 = Debug|Any CPU
		{50F7A487-AF3E-44B3-9320-D4165A21792A}.Release|Any CPU.ActiveCfg = Release|Any CPU
		{50F7A487-AF3E-44B3-9320-D4165A21792A}.Release|Any CPU.Build.0 = Release|Any CPU
		{1D29F01D-9F9A-42E4-B5F6-B4621FAC7132}.Debug|Any CPU.ActiveCfg = Debug|Any CPU
		{1D29F01D-9F9A-42E4-B5F6-B4621FAC7132}.Debug|Any CPU.Build.0 = Debug|Any CPU
		{1D29F01D-9F9A-42E4-B5F6-B4621FAC7132}.Release|Any CPU.ActiveCfg = Release|Any CPU
		{1D29F01D-9F9A-42E4-B5F6-B4621FAC7132}.Release|Any CPU.Build.0 = Release|Any CPU
		{C947863C-9EC8-4B38-A64C-F776524AECD4}.Debug|Any CPU.ActiveCfg = Debug|Any CPU
		{C947863C-9EC8-4B38-A64C-F776524AECD4}.Debug|Any CPU.Build.0 = Debug|Any CPU
		{C947863C-9EC8-4B38-A64C-F776524AECD4}.Release|Any CPU.ActiveCfg = Release|Any CPU
		{C947863C-9EC8-4B38-A64C-F776524AECD4}.Release|Any CPU.Build.0 = Release|Any CPU
		{69FF22A8-C3A7-4A8C-A3FF-304C5530CB85}.Debug|Any CPU.ActiveCfg = Debug|Any CPU
		{69FF22A8-C3A7-4A8C-A3FF-304C5530CB85}.Debug|Any CPU.Build.0 = Debug|Any CPU
		{69FF22A8-C3A7-4A8C-A3FF-304C5530CB85}.Release|Any CPU.ActiveCfg = Release|Any CPU
		{69FF22A8-C3A7-4A8C-A3FF-304C5530CB85}.Release|Any CPU.Build.0 = Release|Any CPU
		{C38099A2-B354-4866-85E8-6AB641F07FF8}.Debug|Any CPU.ActiveCfg = Debug|Any CPU
		{C38099A2-B354-4866-85E8-6AB641F07FF8}.Debug|Any CPU.Build.0 = Debug|Any CPU
		{C38099A2-B354-4866-85E8-6AB641F07FF8}.Release|Any CPU.ActiveCfg = Release|Any CPU
		{C38099A2-B354-4866-85E8-6AB641F07FF8}.Release|Any CPU.Build.0 = Release|Any CPU
		{28EAAB56-14C9-41E5-9367-A04907FFC205}.Debug|Any CPU.ActiveCfg = Debug|Any CPU
		{28EAAB56-14C9-41E5-9367-A04907FFC205}.Debug|Any CPU.Build.0 = Debug|Any CPU
		{28EAAB56-14C9-41E5-9367-A04907FFC205}.Release|Any CPU.ActiveCfg = Release|Any CPU
		{28EAAB56-14C9-41E5-9367-A04907FFC205}.Release|Any CPU.Build.0 = Release|Any CPU
	EndGlobalSection
	GlobalSection(SolutionProperties) = preSolution
		HideSolutionNode = FALSE
	EndGlobalSection
	GlobalSection(NestedProjects) = preSolution
		{5C35FD1B-681C-4F1E-B88B-DBD259D39000} = {AD9A1C9E-0DB1-439D-95F1-7419D79F710F}
		{5F53D41B-CAAF-4F9C-9EE1-848D7AA83B0F} = {AD9A1C9E-0DB1-439D-95F1-7419D79F710F}
		{BFBDE666-0DC1-474D-89F9-512CBB1B7669} = {AD9A1C9E-0DB1-439D-95F1-7419D79F710F}
		{BA4B5A9F-3E8E-4CFF-8C63-302A0EB9F5E3} = {5C35FD1B-681C-4F1E-B88B-DBD259D39000}
		{D1389A05-ECD1-4BB0-A220-3532804B8F9E} = {5C35FD1B-681C-4F1E-B88B-DBD259D39000}
		{E4403AF4-64DA-4F13-ADD4-8AB80620962D} = {5F53D41B-CAAF-4F9C-9EE1-848D7AA83B0F}
		{50F7A487-AF3E-44B3-9320-D4165A21792A} = {5F53D41B-CAAF-4F9C-9EE1-848D7AA83B0F}
		{1D29F01D-9F9A-42E4-B5F6-B4621FAC7132} = {5F53D41B-CAAF-4F9C-9EE1-848D7AA83B0F}
		{C947863C-9EC8-4B38-A64C-F776524AECD4} = {BFBDE666-0DC1-474D-89F9-512CBB1B7669}
		{69FF22A8-C3A7-4A8C-A3FF-304C5530CB85} = {8F5108E2-4DF3-43E7-95F5-7FB6A0D591CF}
		{C38099A2-B354-4866-85E8-6AB641F07FF8} = {8F5108E2-4DF3-43E7-95F5-7FB6A0D591CF}
		{28EAAB56-14C9-41E5-9367-A04907FFC205} = {8F5108E2-4DF3-43E7-95F5-7FB6A0D591CF}
	EndGlobalSection
	GlobalSection(ExtensibilityGlobals) = postSolution
		SolutionGuid = {3064950E-510B-4465-932F-8E94A65B2757}
	EndGlobalSection
EndGlobal
